
Microsoft Visual Studio Solution File, Format Version 12.00
# Visual Studio Version 17
VisualStudioVersion = 17.14.36414.22 d17.14
MinimumVisualStudioVersion = 10.0.40219.1
Project("{FAE04EC0-301F-11D3-BF4B-00C04F79EFBC}") = "AdventOfCode2025", "AdventOfCode2025\AdventOfCode2025.csproj", "{F651F58F-1B19-4B05-8234-210AA95ED568}"
EndProject
Project("{FAE04EC0-301F-11D3-BF4B-00C04F79EFBC}") = "DataStructures", "..\DataStructures\DataStructures.csproj", "{31B2C107-C684-ED95-827E-C50616E42960}"
EndProject
Global
	GlobalSection(SolutionConfigurationPlatforms) = preSolution
		Debug|Any CPU = Debug|Any CPU
		Release|Any CPU = Release|Any CPU
	EndGlobalSection
	GlobalSection(ProjectConfigurationPlatforms) = postSolution
		{F651F58F-1B19-4B05-8234-210AA95ED568}.Debug|Any CPU.ActiveCfg = Debug|Any CPU
		{F651F58F-1B19-4B05-8234-210AA95ED568}.Debug|Any CPU.Build.0 = Debug|Any CPU
		{F651F58F-1B19-4B05-8234-210AA95ED568}.Release|Any CPU.ActiveCfg = Release|Any CPU
		{F651F58F-1B19-4B05-8234-210AA95ED568}.Release|Any CPU.Build.0 = Release|Any CPU
		{31B2C107-C684-ED95-827E-C50616E42960}.Debug|Any CPU.ActiveCfg = Debug|Any CPU
		{31B2C107-C684-ED95-827E-C50616E42960}.Debug|Any CPU.Build.0 = Debug|Any CPU
		{31B2C107-C684-ED95-827E-C50616E42960}.Release|Any CPU.ActiveCfg = Release|Any CPU
		{31B2C107-C684-ED95-827E-C50616E42960}.Release|Any CPU.Build.0 = Release|Any CPU
	EndGlobalSection
	GlobalSection(SolutionProperties) = preSolution
		HideSolutionNode = FALSE
	EndGlobalSection
	GlobalSection(ExtensibilityGlobals) = postSolution
		SolutionGuid = {6CE6413C-49FB-4D23-98C8-E23E69301C2E}
	EndGlobalSection
EndGlobal
